// !$*UTF8*$!
{
	archiveVersion = 1;
	classes = {
	};
	objectVersion = 77;
	objects = {

/* Begin PBXBuildFile section */
		C5300A3F2E326FC8000C2926 /* MyMacro in Frameworks */ = {isa = PBXBuildFile; productRef = C5300A3E2E326FC8000C2926 /* MyMacro */; };
		C5300A412E326FC8000C2926 /* MyMacroClient in Frameworks */ = {isa = PBXBuildFile; productRef = C5300A402E326FC8000C2926 /* MyMacroClient */; };
/* End PBXBuildFile section */

/* Begin PBXContainerItemProxy section */
		C53009EC2E32586A000C2926 /* PBXContainerItemProxy */ = {
			isa = PBXContainerItemProxy;
			containerPortal = C53009D52E325867000C2926 /* Project object */;
			proxyType = 1;
			remoteGlobalIDString = C53009DC2E325867000C2926;
			remoteInfo = "Testing Macros";
		};
		C53009F62E32586A000C2926 /* PBXContainerItemProxy */ = {
			isa = PBXContainerItemProxy;
			containerPortal = C53009D52E325867000C2926 /* Project object */;
			proxyType = 1;
			remoteGlobalIDString = C53009DC2E325867000C2926;
			remoteInfo = "Testing Macros";
		};
/* End PBXContainerItemProxy section */

/* Begin PBXFileReference section */
		C53009DD2E325867000C2926 /* Testing Macros.app */ = {isa = PBXFileReference; explicitFileType = wrapper.application; includeInIndex = 0; path = "Testing Macros.app"; sourceTree = BUILT_PRODUCTS_DIR; };
		C53009EB2E32586A000C2926 /* Testing MacrosTests.xctest */ = {isa = PBXFileReference; explicitFileType = wrapper.cfbundle; includeInIndex = 0; path = "Testing MacrosTests.xctest"; sourceTree = BUILT_PRODUCTS_DIR; };
		C53009F52E32586A000C2926 /* Testing MacrosUITests.xctest */ = {isa = PBXFileReference; explicitFileType = wrapper.cfbundle; includeInIndex = 0; path = "Testing MacrosUITests.xctest"; sourceTree = BUILT_PRODUCTS_DIR; };
		C5300A3B2E326DF5000C2926 /* MyMacro */ = {isa = PBXFileReference; lastKnownFileType = wrapper; name = MyMacro; path = ../MyMacro; sourceTree = SOURCE_ROOT; };
/* End PBXFileReference section */

/* Begin PBXFileSystemSynchronizedRootGroup section */
		C53009DF2E325867000C2926 /* Testing Macros */ = {
			isa = PBXFileSystemSynchronizedRootGroup;
			path = "Testing Macros";
			sourceTree = "<group>";
		};
		C53009EE2E32586A000C2926 /* Testing MacrosTests */ = {
			isa = PBXFileSystemSynchronizedRootGroup;
			path = "Testing MacrosTests";
			sourceTree = "<group>";
		};
		C53009F82E32586A000C2926 /* Testing MacrosUITests */ = {
			isa = PBXFileSystemSynchronizedRootGroup;
			path = "Testing MacrosUITests";
			sourceTree = "<group>";
		};
/* End PBXFileSystemSynchronizedRootGroup section */

/* Begin PBXFrameworksBuildPhase section */
		C53009DA2E325867000C2926 /* Frameworks */ = {
			isa = PBXFrameworksBuildPhase;
			buildActionMask = 2147483647;
			files = (
				C5300A412E326FC8000C2926 /* MyMacroClient in Frameworks */,
				C5300A3F2E326FC8000C2926 /* MyMacro in Frameworks */,
			);
			runOnlyForDeploymentPostprocessing = 0;
		};
		C53009E82E32586A000C2926 /* Frameworks */ = {
			isa = PBXFrameworksBuildPhase;
			buildActionMask = 2147483647;
			files = (
			);
			runOnlyForDeploymentPostprocessing = 0;
		};
		C53009F22E32586A000C2926 /* Frameworks */ = {
			isa = PBXFrameworksBuildPhase;
			buildActionMask = 2147483647;
			files = (
			);
			runOnlyForDeploymentPostprocessing = 0;
		};
/* End PBXFrameworksBuildPhase section */

/* Begin PBXGroup section */
		C53009D42E325867000C2926 = {
			isa = PBXGroup;
			children = (
				C5300A3B2E326DF5000C2926 /* MyMacro */,
				C53009DF2E325867000C2926 /* Testing Macros */,
				C53009EE2E32586A000C2926 /* Testing MacrosTests */,
				C53009F82E32586A000C2926 /* Testing MacrosUITests */,
				C53009DE2E325867000C2926 /* Products */,
			);
			sourceTree = "<group>";
		};
		C53009DE2E325867000C2926 /* Products */ = {
			isa = PBXGroup;
			children = (
				C53009DD2E325867000C2926 /* Testing Macros.app */,
				C53009EB2E32586A000C2926 /* Testing MacrosTests.xctest */,
				C53009F52E32586A000C2926 /* Testing MacrosUITests.xctest */,
			);
			name = Products;
			sourceTree = "<group>";
		};
/* End PBXGroup section */

/* Begin PBXNativeTarget section */
		C53009DC2E325867000C2926 /* Testing Macros */ = {
			isa = PBXNativeTarget;
			buildConfigurationList = C53009FF2E32586A000C2926 /* Build configuration list for PBXNativeTarget "Testing Macros" */;
			buildPhases = (
				C53009D92E325867000C2926 /* Sources */,
				C53009DA2E325867000C2926 /* Frameworks */,
				C53009DB2E325867000C2926 /* Resources */,
			);
			buildRules = (
			);
			dependencies = (
			);
			fileSystemSynchronizedGroups = (
				C53009DF2E325867000C2926 /* Testing Macros */,
			);
			name = "Testing Macros";
			packageProductDependencies = (
				C5300A3E2E326FC8000C2926 /* MyMacro */,
				C5300A402E326FC8000C2926 /* MyMacroClient */,
			);
			productName = "Testing Macros";
			productReference = C53009DD2E325867000C2926 /* Testing Macros.app */;
			productType = "com.apple.product-type.application";
		};
		C53009EA2E32586A000C2926 /* Testing MacrosTests */ = {
			isa = PBXNativeTarget;
			buildConfigurationList = C5300A022E32586A000C2926 /* Build configuration list for PBXNativeTarget "Testing MacrosTests" */;
			buildPhases = (
				C53009E72E32586A000C2926 /* Sources */,
				C53009E82E32586A000C2926 /* Frameworks */,
				C53009E92E32586A000C2926 /* Resources */,
			);
			buildRules = (
			);
			dependencies = (
				C53009ED2E32586A000C2926 /* PBXTargetDependency */,
			);
			fileSystemSynchronizedGroups = (
				C53009EE2E32586A000C2926 /* Testing MacrosTests */,
			);
			name = "Testing MacrosTests";
			packageProductDependencies = (
			);
			productName = "Testing MacrosTests";
			productReference = C53009EB2E32586A000C2926 /* Testing MacrosTests.xctest */;
			productType = "com.apple.product-type.bundle.unit-test";
		};
		C53009F42E32586A000C2926 /* Testing MacrosUITests */ = {
			isa = PBXNativeTarget;
			buildConfigurationList = C5300A052E32586A000C2926 /* Build configuration list for PBXNativeTarget "Testing MacrosUITests" */;
			buildPhases = (
				C53009F12E32586A000C2926 /* Sources */,
				C53009F22E32586A000C2926 /* Frameworks */,
				C53009F32E32586A000C2926 /* Resources */,
			);
			buildRules = (
			);
			dependencies = (
				C53009F72E32586A000C2926 /* PBXTargetDependency */,
			);
			fileSystemSynchronizedGroups = (
				C53009F82E32586A000C2926 /* Testing MacrosUITests */,
			);
			name = "Testing MacrosUITests";
			packageProductDependencies = (
			);
			productName = "Testing MacrosUITests";
			productReference = C53009F52E32586A000C2926 /* Testing MacrosUITests.xctest */;
			productType = "com.apple.product-type.bundle.ui-testing";
		};
/* End PBXNativeTarget section */

/* Begin PBXProject section */
		C53009D52E325867000C2926 /* Project object */ = {
			isa = PBXProject;
			attributes = {
				BuildIndependentTargetsInParallel = 1;
				LastSwiftUpdateCheck = 1640;
				LastUpgradeCheck = 1640;
				TargetAttributes = {
					C53009DC2E325867000C2926 = {
						CreatedOnToolsVersion = 16.4;
					};
					C53009EA2E32586A000C2926 = {
						CreatedOnToolsVersion = 16.4;
						TestTargetID = C53009DC2E325867000C2926;
					};
					C53009F42E32586A000C2926 = {
						CreatedOnToolsVersion = 16.4;
						TestTargetID = C53009DC2E325867000C2926;
					};
				};
			};
			buildConfigurationList = C53009D82E325867000C2926 /* Build configuration list for PBXProject "Testing Macros" */;
			developmentRegion = en;
			hasScannedForEncodings = 0;
			knownRegions = (
				en,
				Base,
			);
			mainGroup = C53009D42E325867000C2926;
			minimizedProjectReferenceProxies = 1;
			packageReferences = (
				C5300A3D2E326FC8000C2926 /* XCLocalSwiftPackageReference "../MyMacro" */,
			);
			preferredProjectObjectVersion = 77;
			productRefGroup = C53009DE2E325867000C2926 /* Products */;
			projectDirPath = "";
			projectRoot = "";
			targets = (
				C53009DC2E325867000C2926 /* Testing Macros */,
				C53009EA2E32586A000C2926 /* Testing MacrosTests */,
				C53009F42E32586A000C2926 /* Testing MacrosUITests */,
			);
		};
/* End PBXProject section */

/* Begin PBXResourcesBuildPhase section */
		C53009DB2E325867000C2926 /* Resources */ = {
			isa = PBXResourcesBuildPhase;
			buildActionMask = 2147483647;
			files = (
			);
			runOnlyForDeploymentPostprocessing = 0;
		};
		C53009E92E32586A000C2926 /* Resources */ = {
			isa = PBXResourcesBuildPhase;
			buildActionMask = 2147483647;
			files = (
			);
			runOnlyForDeploymentPostprocessing = 0;
		};
		C53009F32E32586A000C2926 /* Resources */ = {
			isa = PBXResourcesBuildPhase;
			buildActionMask = 2147483647;
			files = (
			);
			runOnlyForDeploymentPostprocessing = 0;
		};
/* End PBXResourcesBuildPhase section */

/* Begin PBXSourcesBuildPhase section */
		C53009D92E325867000C2926 /* Sources */ = {
			isa = PBXSourcesBuildPhase;
			buildActionMask = 2147483647;
			files = (
			);
			runOnlyForDeploymentPostprocessing = 0;
		};
		C53009E72E32586A000C2926 /* Sources */ = {
			isa = PBXSourcesBuildPhase;
			buildActionMask = 2147483647;
			files = (
			);
			runOnlyForDeploymentPostprocessing = 0;
		};
		C53009F12E32586A000C2926 /* Sources */ = {
			isa = PBXSourcesBuildPhase;
			buildActionMask = 2147483647;
			files = (
			);
			runOnlyForDeploymentPostprocessing = 0;
		};
/* End PBXSourcesBuildPhase section */

/* Begin PBXTargetDependency section */
		C53009ED2E32586A000C2926 /* PBXTargetDependency */ = {
			isa = PBXTargetDependency;
			target = C53009DC2E325867000C2926 /* Testing Macros */;
			targetProxy = C53009EC2E32586A000C2926 /* PBXContainerItemProxy */;
		};
		C53009F72E32586A000C2926 /* PBXTargetDependency */ = {
			isa = PBXTargetDependency;
			target = C53009DC2E325867000C2926 /* Testing Macros */;
			targetProxy = C53009F62E32586A000C2926 /* PBXContainerItemProxy */;
		};
/* End PBXTargetDependency section */

/* Begin XCBuildConfiguration section */
		C53009FD2E32586A000C2926 /* Debug */ = {
			isa = XCBuildConfiguration;
			buildSettings = {
				ALWAYS_SEARCH_USER_PATHS = NO;
				ASSETCATALOG_COMPILER_GENERATE_SWIFT_ASSET_SYMBOL_EXTENSIONS = YES;
				CLANG_ANALYZER_NONNULL = YES;
				CLANG_ANALYZER_NUMBER_OBJECT_CONVERSION = YES_AGGRESSIVE;
				CLANG_CXX_LANGUAGE_STANDARD = "gnu++20";
				CLANG_ENABLE_MODULES = YES;
				CLANG_ENABLE_OBJC_ARC = YES;
				CLANG_ENABLE_OBJC_WEAK = YES;
				CLANG_WARN_BLOCK_CAPTURE_AUTORELEASING = YES;
				CLANG_WARN_BOOL_CONVERSION = YES;
				CLANG_WARN_COMMA = YES;
				CLANG_WARN_CONSTANT_CONVERSION = YES;
				CLANG_WARN_DEPRECATED_OBJC_IMPLEMENTATIONS = YES;
				CLANG_WARN_DIRECT_OBJC_ISA_USAGE = YES_ERROR;
				CLANG_WARN_DOCUMENTATION_COMMENTS = YES;
				CLANG_WARN_EMPTY_BODY = YES;
				CLANG_WARN_ENUM_CONVERSION = YES;
				CLANG_WARN_INFINITE_RECURSION = YES;
				CLANG_WARN_INT_CONVERSION = YES;
				CLANG_WARN_NON_LITERAL_NULL_CONVERSION = YES;
				CLANG_WARN_OBJC_IMPLICIT_RETAIN_SELF = YES;
				CLANG_WARN_OBJC_LITERAL_CONVERSION = YES;
				CLANG_WARN_OBJC_ROOT_CLASS = YES_ERROR;
				CLANG_WARN_QUOTED_INCLUDE_IN_FRAMEWORK_HEADER = YES;
				CLANG_WARN_RANGE_LOOP_ANALYSIS = YES;
				CLANG_WARN_STRICT_PROTOTYPES = YES;
				CLANG_WARN_SUSPICIOUS_MOVE = YES;
				CLANG_WARN_UNGUARDED_AVAILABILITY = YES_AGGRESSIVE;
				CLANG_WARN_UNREACHABLE_CODE = YES;
				CLANG_WARN__DUPLICATE_METHOD_MATCH = YES;
				COPY_PHASE_STRIP = NO;
				DEBUG_INFORMATION_FORMAT = dwarf;
				ENABLE_STRICT_OBJC_MSGSEND = YES;
				ENABLE_TESTABILITY = YES;
				ENABLE_USER_SCRIPT_SANDBOXING = YES;
				GCC_C_LANGUAGE_STANDARD = gnu17;
				GCC_DYNAMIC_NO_PIC = NO;
				GCC_NO_COMMON_BLOCKS = YES;
				GCC_OPTIMIZATION_LEVEL = 0;
				GCC_PREPROCESSOR_DEFINITIONS = (
					"DEBUG=1",
					"$(inherited)",
				);
				GCC_WARN_64_TO_32_BIT_CONVERSION = YES;
				GCC_WARN_ABOUT_RETURN_TYPE = YES_ERROR;
				GCC_WARN_UNDECLARED_SELECTOR = YES;
				GCC_WARN_UNINITIALIZED_AUTOS = YES_AGGRESSIVE;
				GCC_WARN_UNUSED_FUNCTION = YES;
				GCC_WARN_UNUSED_VARIABLE = YES;
				LOCALIZATION_PREFERS_STRING_CATALOGS = YES;
				MTL_ENABLE_DEBUG_INFO = INCLUDE_SOURCE;
				MTL_FAST_MATH = YES;
				ONLY_ACTIVE_ARCH = YES;
				SWIFT_ACTIVE_COMPILATION_CONDITIONS = "DEBUG $(inherited)";
				SWIFT_OPTIMIZATION_LEVEL = "-Onone";
			};
			name = Debug;
		};
		C53009FE2E32586A000C2926 /* Release */ = {
			isa = XCBuildConfiguration;
			buildSettings = {
				ALWAYS_SEARCH_USER_PATHS = NO;
				ASSETCATALOG_COMPILER_GENERATE_SWIFT_ASSET_SYMBOL_EXTENSIONS = YES;
				CLANG_ANALYZER_NONNULL = YES;
				CLANG_ANALYZER_NUMBER_OBJECT_CONVERSION = YES_AGGRESSIVE;
				CLANG_CXX_LANGUAGE_STANDARD = "gnu++20";
				CLANG_ENABLE_MODULES = YES;
				CLANG_ENABLE_OBJC_ARC = YES;
				CLANG_ENABLE_OBJC_WEAK = YES;
				CLANG_WARN_BLOCK_CAPTURE_AUTORELEASING = YES;
				CLANG_WARN_BOOL_CONVERSION = YES;
				CLANG_WARN_COMMA = YES;
				CLANG_WARN_CONSTANT_CONVERSION = YES;
				CLANG_WARN_DEPRECATED_OBJC_IMPLEMENTATIONS = YES;
				CLANG_WARN_DIRECT_OBJC_ISA_USAGE = YES_ERROR;
				CLANG_WARN_DOCUMENTATION_COMMENTS = YES;
				CLANG_WARN_EMPTY_BODY = YES;
				CLANG_WARN_ENUM_CONVERSION = YES;
				CLANG_WARN_INFINITE_RECURSION = YES;
				CLANG_WARN_INT_CONVERSION = YES;
				CLANG_WARN_NON_LITERAL_NULL_CONVERSION = YES;
				CLANG_WARN_OBJC_IMPLICIT_RETAIN_SELF = YES;
				CLANG_WARN_OBJC_LITERAL_CONVERSION = YES;
				CLANG_WARN_OBJC_ROOT_CLASS = YES_ERROR;
				CLANG_WARN_QUOTED_INCLUDE_IN_FRAMEWORK_HEADER = YES;
				CLANG_WARN_RANGE_LOOP_ANALYSIS = YES;
				CLANG_WARN_STRICT_PROTOTYPES = YES;
				CLANG_WARN_SUSPICIOUS_MOVE = YES;
				CLANG_WARN_UNGUARDED_AVAILABILITY = YES_AGGRESSIVE;
				CLANG_WARN_UNREACHABLE_CODE = YES;
				CLANG_WARN__DUPLICATE_METHOD_MATCH = YES;
				COPY_PHASE_STRIP = NO;
				DEBUG_INFORMATION_FORMAT = "dwarf-with-dsym";
				ENABLE_NS_ASSERTIONS = NO;
				ENABLE_STRICT_OBJC_MSGSEND = YES;
				ENABLE_USER_SCRIPT_SANDBOXING = YES;
				GCC_C_LANGUAGE_STANDARD = gnu17;
				GCC_NO_COMMON_BLOCKS = YES;
				GCC_WARN_64_TO_32_BIT_CONVERSION = YES;
				GCC_WARN_ABOUT_RETURN_TYPE = YES_ERROR;
				GCC_WARN_UNDECLARED_SELECTOR = YES;
				GCC_WARN_UNINITIALIZED_AUTOS = YES_AGGRESSIVE;
				GCC_WARN_UNUSED_FUNCTION = YES;
				GCC_WARN_UNUSED_VARIABLE = YES;
				LOCALIZATION_PREFERS_STRING_CATALOGS = YES;
				MTL_ENABLE_DEBUG_INFO = NO;
				MTL_FAST_MATH = YES;
				SWIFT_COMPILATION_MODE = wholemodule;
			};
			name = Release;
		};
		C5300A002E32586A000C2926 /* Debug */ = {
			isa = XCBuildConfiguration;
			buildSettings = {
				ASSETCATALOG_COMPILER_APPICON_NAME = AppIcon;
				ASSETCATALOG_COMPILER_GLOBAL_ACCENT_COLOR_NAME = AccentColor;
				CODE_SIGN_ENTITLEMENTS = "Testing Macros/Testing_Macros.entitlements";
				CODE_SIGN_STYLE = Automatic;
				CURRENT_PROJECT_VERSION = 1;
				ENABLE_PREVIEWS = YES;
				GENERATE_INFOPLIST_FILE = YES;
				"INFOPLIST_KEY_UIApplicationSceneManifest_Generation[sdk=iphoneos*]" = YES;
				"INFOPLIST_KEY_UIApplicationSceneManifest_Generation[sdk=iphonesimulator*]" = YES;
				"INFOPLIST_KEY_UIApplicationSupportsIndirectInputEvents[sdk=iphoneos*]" = YES;
				"INFOPLIST_KEY_UIApplicationSupportsIndirectInputEvents[sdk=iphonesimulator*]" = YES;
				"INFOPLIST_KEY_UILaunchScreen_Generation[sdk=iphoneos*]" = YES;
				"INFOPLIST_KEY_UILaunchScreen_Generation[sdk=iphonesimulator*]" = YES;
				"INFOPLIST_KEY_UIStatusBarStyle[sdk=iphoneos*]" = UIStatusBarStyleDefault;
				"INFOPLIST_KEY_UIStatusBarStyle[sdk=iphonesimulator*]" = UIStatusBarStyleDefault;
				INFOPLIST_KEY_UISupportedInterfaceOrientations_iPad = "UIInterfaceOrientationPortrait UIInterfaceOrientationPortraitUpsideDown UIInterfaceOrientationLandscapeLeft UIInterfaceOrientationLandscapeRight";
				INFOPLIST_KEY_UISupportedInterfaceOrientations_iPhone = "UIInterfaceOrientationPortrait UIInterfaceOrientationLandscapeLeft UIInterfaceOrientationLandscapeRight";
				IPHONEOS_DEPLOYMENT_TARGET = 18.5;
				LD_RUNPATH_SEARCH_PATHS = "@executable_path/Frameworks";
				"LD_RUNPATH_SEARCH_PATHS[sdk=macosx*]" = "@executable_path/../Frameworks";
				MACOSX_DEPLOYMENT_TARGET = 15.5;
				MARKETING_VERSION = 1.0;
				PRODUCT_BUNDLE_IDENTIFIER = "com.sample.Testing-Macros";
				PRODUCT_NAME = "$(TARGET_NAME)";
				REGISTER_APP_GROUPS = YES;
				SDKROOT = auto;
				SUPPORTED_PLATFORMS = "iphoneos iphonesimulator macosx xros xrsimulator";
				SWIFT_EMIT_LOC_STRINGS = YES;
				SWIFT_VERSION = 5.0;
				TARGETED_DEVICE_FAMILY = "1,2,7";
				XROS_DEPLOYMENT_TARGET = 2.5;
			};
			name = Debug;
		};
		C5300A012E32586A000C2926 /* Release */ = {
			isa = XCBuildConfiguration;
			buildSettings = {
				ASSETCATALOG_COMPILER_APPICON_NAME = AppIcon;
				ASSETCATALOG_COMPILER_GLOBAL_ACCENT_COLOR_NAME = AccentColor;
				CODE_SIGN_ENTITLEMENTS = "Testing Macros/Testing_Macros.entitlements";
				CODE_SIGN_STYLE = Automatic;
				CURRENT_PROJECT_VERSION = 1;
				ENABLE_PREVIEWS = YES;
				GENERATE_INFOPLIST_FILE = YES;
				"INFOPLIST_KEY_UIApplicationSceneManifest_Generation[sdk=iphoneos*]" = YES;
				"INFOPLIST_KEY_UIApplicationSceneManifest_Generation[sdk=iphonesimulator*]" = YES;
				"INFOPLIST_KEY_UIApplicationSupportsIndirectInputEvents[sdk=iphoneos*]" = YES;
				"INFOPLIST_KEY_UIApplicationSupportsIndirectInputEvents[sdk=iphonesimulator*]" = YES;
				"INFOPLIST_KEY_UILaunchScreen_Generation[sdk=iphoneos*]" = YES;
				"INFOPLIST_KEY_UILaunchScreen_Generation[sdk=iphonesimulator*]" = YES;
				"INFOPLIST_KEY_UIStatusBarStyle[sdk=iphoneos*]" = UIStatusBarStyleDefault;
				"INFOPLIST_KEY_UIStatusBarStyle[sdk=iphonesimulator*]" = UIStatusBarStyleDefault;
				INFOPLIST_KEY_UISupportedInterfaceOrientations_iPad = "UIInterfaceOrientationPortrait UIInterfaceOrientationPortraitUpsideDown UIInterfaceOrientationLandscapeLeft UIInterfaceOrientationLandscapeRight";
				INFOPLIST_KEY_UISupportedInterfaceOrientations_iPhone = "UIInterfaceOrientationPortrait UIInterfaceOrientationLandscapeLeft UIInterfaceOrientationLandscapeRight";
				IPHONEOS_DEPLOYMENT_TARGET = 18.5;
				LD_RUNPATH_SEARCH_PATHS = "@executable_path/Frameworks";
				"LD_RUNPATH_SEARCH_PATHS[sdk=macosx*]" = "@executable_path/../Frameworks";
				MACOSX_DEPLOYMENT_TARGET = 15.5;
				MARKETING_VERSION = 1.0;
				PRODUCT_BUNDLE_IDENTIFIER = "com.sample.Testing-Macros";
				PRODUCT_NAME = "$(TARGET_NAME)";
				REGISTER_APP_GROUPS = YES;
				SDKROOT = auto;
				SUPPORTED_PLATFORMS = "iphoneos iphonesimulator macosx xros xrsimulator";
				SWIFT_EMIT_LOC_STRINGS = YES;
				SWIFT_VERSION = 5.0;
				TARGETED_DEVICE_FAMILY = "1,2,7";
				XROS_DEPLOYMENT_TARGET = 2.5;
			};
			name = Release;
		};
		C5300A032E32586A000C2926 /* Debug */ = {
			isa = XCBuildConfiguration;
			buildSettings = {
				BUNDLE_LOADER = "$(TEST_HOST)";
				CODE_SIGN_STYLE = Automatic;
				CURRENT_PROJECT_VERSION = 1;
				GENERATE_INFOPLIST_FILE = YES;
				IPHONEOS_DEPLOYMENT_TARGET = 18.5;
				MACOSX_DEPLOYMENT_TARGET = 15.5;
				MARKETING_VERSION = 1.0;
				PRODUCT_BUNDLE_IDENTIFIER = "com.sample.Testing-MacrosTests";
				PRODUCT_NAME = "$(TARGET_NAME)";
				SDKROOT = auto;
				SUPPORTED_PLATFORMS = "iphoneos iphonesimulator macosx xros xrsimulator";
				SWIFT_EMIT_LOC_STRINGS = NO;
				SWIFT_VERSION = 5.0;
				TARGETED_DEVICE_FAMILY = "1,2,7";
				TEST_HOST = "$(BUILT_PRODUCTS_DIR)/Testing Macros.app/$(BUNDLE_EXECUTABLE_FOLDER_PATH)/Testing Macros";
				XROS_DEPLOYMENT_TARGET = 2.5;
			};
			name = Debug;
		};
		C5300A042E32586A000C2926 /* Release */ = {
			isa = XCBuildConfiguration;
			buildSettings = {
				BUNDLE_LOADER = "$(TEST_HOST)";
				CODE_SIGN_STYLE = Automatic;
				CURRENT_PROJECT_VERSION = 1;
				GENERATE_INFOPLIST_FILE = YES;
				IPHONEOS_DEPLOYMENT_TARGET = 18.5;
				MACOSX_DEPLOYMENT_TARGET = 15.5;
				MARKETING_VERSION = 1.0;
				PRODUCT_BUNDLE_IDENTIFIER = "com.sample.Testing-MacrosTests";
				PRODUCT_NAME = "$(TARGET_NAME)";
				SDKROOT = auto;
				SUPPORTED_PLATFORMS = "iphoneos iphonesimulator macosx xros xrsimulator";
				SWIFT_EMIT_LOC_STRINGS = NO;
				SWIFT_VERSION = 5.0;
				TARGETED_DEVICE_FAMILY = "1,2,7";
				TEST_HOST = "$(BUILT_PRODUCTS_DIR)/Testing Macros.app/$(BUNDLE_EXECUTABLE_FOLDER_PATH)/Testing Macros";
				XROS_DEPLOYMENT_TARGET = 2.5;
			};
			name = Release;
		};
		C5300A062E32586A000C2926 /* Debug */ = {
			isa = XCBuildConfiguration;
			buildSettings = {
				CODE_SIGN_STYLE = Automatic;
				CURRENT_PROJECT_VERSION = 1;
				GENERATE_INFOPLIST_FILE = YES;
				IPHONEOS_DEPLOYMENT_TARGET = 18.5;
				MACOSX_DEPLOYMENT_TARGET = 15.5;
				MARKETING_VERSION = 1.0;
				PRODUCT_BUNDLE_IDENTIFIER = "com.sample.Testing-MacrosUITests";
				PRODUCT_NAME = "$(TARGET_NAME)";
				SDKROOT = auto;
				SUPPORTED_PLATFORMS = "iphoneos iphonesimulator macosx xros xrsimulator";
				SWIFT_EMIT_LOC_STRINGS = NO;
				SWIFT_VERSION = 5.0;
				TARGETED_DEVICE_FAMILY = "1,2,7";
				TEST_TARGET_NAME = "Testing Macros";
				XROS_DEPLOYMENT_TARGET = 2.5;
			};
			name = Debug;
		};
		C5300A072E32586A000C2926 /* Release */ = {
			isa = XCBuildConfiguration;
			buildSettings = {
				CODE_SIGN_STYLE = Automatic;
				CURRENT_PROJECT_VERSION = 1;
				GENERATE_INFOPLIST_FILE = YES;
				IPHONEOS_DEPLOYMENT_TARGET = 18.5;
				MACOSX_DEPLOYMENT_TARGET = 15.5;
				MARKETING_VERSION = 1.0;
				PRODUCT_BUNDLE_IDENTIFIER = "com.sample.Testing-MacrosUITests";
				PRODUCT_NAME = "$(TARGET_NAME)";
				SDKROOT = auto;
				SUPPORTED_PLATFORMS = "iphoneos iphonesimulator macosx xros xrsimulator";
				SWIFT_EMIT_LOC_STRINGS = NO;
				SWIFT_VERSION = 5.0;
				TARGETED_DEVICE_FAMILY = "1,2,7";
				TEST_TARGET_NAME = "Testing Macros";
				XROS_DEPLOYMENT_TARGET = 2.5;
			};
			name = Release;
		};
/* End XCBuildConfiguration section */

/* Begin XCConfigurationList section */
		C53009D82E325867000C2926 /* Build configuration list for PBXProject "Testing Macros" */ = {
			isa = XCConfigurationList;
			buildConfigurations = (
				C53009FD2E32586A000C2926 /* Debug */,
				C53009FE2E32586A000C2926 /* Release */,
			);
			defaultConfigurationIsVisible = 0;
			defaultConfigurationName = Release;
		};
		C53009FF2E32586A000C2926 /* Build configuration list for PBXNativeTarget "Testing Macros" */ = {
			isa = XCConfigurationList;
			buildConfigurations = (
				C5300A002E32586A000C2926 /* Debug */,
				C5300A012E32586A000C2926 /* Release */,
			);
			defaultConfigurationIsVisible = 0;
			defaultConfigurationName = Release;
		};
		C5300A022E32586A000C2926 /* Build configuration list for PBXNativeTarget "Testing MacrosTests" */ = {
			isa = XCConfigurationList;
			buildConfigurations = (
				C5300A032E32586A000C2926 /* Debug */,
				C5300A042E32586A000C2926 /* Release */,
			);
			defaultConfigurationIsVisible = 0;
			defaultConfigurationName = Release;
		};
		C5300A052E32586A000C2926 /* Build configuration list for PBXNativeTarget "Testing MacrosUITests" */ = {
			isa = XCConfigurationList;
			buildConfigurations = (
				C5300A062E32586A000C2926 /* Debug */,
				C5300A072E32586A000C2926 /* Release */,
			);
			defaultConfigurationIsVisible = 0;
			defaultConfigurationName = Release;
		};
/* End XCConfigurationList section */

/* Begin XCLocalSwiftPackageReference section */
		C5300A3D2E326FC8000C2926 /* XCLocalSwiftPackageReference "../MyMacro" */ = {
			isa = XCLocalSwiftPackageReference;
			relativePath = ../MyMacro;
		};
/* End XCLocalSwiftPackageReference section */

/* Begin XCSwiftPackageProductDependency section */
		C5300A3E2E326FC8000C2926 /* MyMacro */ = {
			isa = XCSwiftPackageProductDependency;
			productName = MyMacro;
		};
		C5300A402E326FC8000C2926 /* MyMacroClient */ = {
			isa = XCSwiftPackageProductDependency;
			productName = MyMacroClient;
		};
/* End XCSwiftPackageProductDependency section */
	};
	rootObject = C53009D52E325867000C2926 /* Project object */;
}
